
Microsoft Visual Studio Solution File, Format Version 12.00
# Visual Studio 15
VisualStudioVersion = 15.0.28307.136
MinimumVisualStudioVersion = 10.0.40219.1
Project("{2150E333-8FDC-42A3-9474-1A3956D46DE8}") = "src", "src", "{53BD091E-F5AA-4CA9-B60F-D6A4DA86C5C8}"
EndProject
Project("{9A19103F-16F7-4668-BE54-9A1E7A4F7556}") = "SimpleInfoServer", "src\SimpleInfoServer.csproj", "{2F264AB7-CD28-458D-920E-CF817FBA19B2}"
EndProject
Project("{2150E333-8FDC-42A3-9474-1A3956D46DE8}") = "Solution Items", "Solution Items", "{BD6551C6-FC07-4A7C-98EB-D6D5BE658202}"
	ProjectSection(SolutionItems) = preProject
		.gitignore = .gitignore
		LICENSE = LICENSE
		README.md = README.md
	EndProjectSection
EndProject
Global
	GlobalSection(SolutionConfigurationPlatforms) = preSolution
		Debug|Any CPU = Debug|Any CPU
		Release|Any CPU = Release|Any CPU
	EndGlobalSection
	GlobalSection(ProjectConfigurationPlatforms) = postSolution
		{2F264AB7-CD28-458D-920E-CF817FBA19B2}.Debug|Any CPU.ActiveCfg = Debug|Any CPU
		{2F264AB7-CD28-458D-920E-CF817FBA19B2}.Debug|Any CPU.Build.0 = Debug|Any CPU
		{2F264AB7-CD28-458D-920E-CF817FBA19B2}.Release|Any CPU.ActiveCfg = Release|Any CPU
		{2F264AB7-CD28-458D-920E-CF817FBA19B2}.Release|Any CPU.Build.0 = Release|Any CPU
	EndGlobalSection
	GlobalSection(SolutionProperties) = preSolution
		HideSolutionNode = FALSE
	EndGlobalSection
	GlobalSection(NestedProjects) = preSolution
		{2F264AB7-CD28-458D-920E-CF817FBA19B2} = {53BD091E-F5AA-4CA9-B60F-D6A4DA86C5C8}
	EndGlobalSection
	GlobalSection(ExtensibilityGlobals) = postSolution
		SolutionGuid = {A3D6795F-6851-4669-AD93-5F34712C7F4D}
	EndGlobalSection
EndGlobal
